
Microsoft Visual Studio Solution File, Format Version 12.00
# Visual Studio Version 16
VisualStudioVersion = 16.0.29324.140
MinimumVisualStudioVersion = 10.0.40219.1
Project("{9A19103F-16F7-4668-BE54-9A1E7A4F7556}") = "CommonTypes", "..\CommonTypes\CommonTypes.csproj", "{9A2DAAB9-13BA-4655-A337-D16C12AA86A8}"
EndProject
Project("{FAE04EC0-301F-11D3-BF4B-00C04F79EFBC}") = "Server", "..\Server\Server.csproj", "{C242E1F4-0D23-45FF-99F4-7F856D7652ED}"
EndProject
Project("{FAE04EC0-301F-11D3-BF4B-00C04F79EFBC}") = "PuppetMaster", "..\PuppetMaster\PuppetMaster.csproj", "{9104FC2F-DBE5-47C4-A07E-689872597EE5}"
EndProject
Project("{FAE04EC0-301F-11D3-BF4B-00C04F79EFBC}") = "ProcessCreationService", "..\ProcessCreationService\ProcessCreationService.csproj", "{8A399527-3F75-4813-AF55-3AA290E42FA0}"
EndProject
Project("{FAE04EC0-301F-11D3-BF4B-00C04F79EFBC}") = "MeetingCalendar", "MeetingCalendar.csproj", "{3D3FC963-C3CA-4390-8D61-59F58A79A211}"
EndProject
Global
	GlobalSection(SolutionConfigurationPlatforms) = preSolution
		Debug|Any CPU = Debug|Any CPU
		Release|Any CPU = Release|Any CPU
	EndGlobalSection
	GlobalSection(ProjectConfigurationPlatforms) = postSolution
		{9A2DAAB9-13BA-4655-A337-D16C12AA86A8}.Debug|Any CPU.ActiveCfg = Debug|Any CPU
		{9A2DAAB9-13BA-4655-A337-D16C12AA86A8}.Debug|Any CPU.Build.0 = Debug|Any CPU
		{9A2DAAB9-13BA-4655-A337-D16C12AA86A8}.Release|Any CPU.ActiveCfg = Release|Any CPU
		{9A2DAAB9-13BA-4655-A337-D16C12AA86A8}.Release|Any CPU.Build.0 = Release|Any CPU
		{C242E1F4-0D23-45FF-99F4-7F856D7652ED}.Debug|Any CPU.ActiveCfg = Debug|Any CPU
		{C242E1F4-0D23-45FF-99F4-7F856D7652ED}.Debug|Any CPU.Build.0 = Debug|Any CPU
		{C242E1F4-0D23-45FF-99F4-7F856D7652ED}.Release|Any CPU.ActiveCfg = Release|Any CPU
		{C242E1F4-0D23-45FF-99F4-7F856D7652ED}.Release|Any CPU.Build.0 = Release|Any CPU
		{9104FC2F-DBE5-47C4-A07E-689872597EE5}.Debug|Any CPU.ActiveCfg = Debug|Any CPU
		{9104FC2F-DBE5-47C4-A07E-689872597EE5}.Debug|Any CPU.Build.0 = Debug|Any CPU
		{9104FC2F-DBE5-47C4-A07E-689872597EE5}.Release|Any CPU.ActiveCfg = Release|Any CPU
		{9104FC2F-DBE5-47C4-A07E-689872597EE5}.Release|Any CPU.Build.0 = Release|Any CPU
		{8A399527-3F75-4813-AF55-3AA290E42FA0}.Debug|Any CPU.ActiveCfg = Debug|Any CPU
		{8A399527-3F75-4813-AF55-3AA290E42FA0}.Debug|Any CPU.Build.0 = Debug|Any CPU
		{8A399527-3F75-4813-AF55-3AA290E42FA0}.Release|Any CPU.ActiveCfg = Release|Any CPU
		{8A399527-3F75-4813-AF55-3AA290E42FA0}.Release|Any CPU.Build.0 = Release|Any CPU
		{3D3FC963-C3CA-4390-8D61-59F58A79A211}.Debug|Any CPU.ActiveCfg = Debug|Any CPU
		{3D3FC963-C3CA-4390-8D61-59F58A79A211}.Debug|Any CPU.Build.0 = Debug|Any CPU
		{3D3FC963-C3CA-4390-8D61-59F58A79A211}.Release|Any CPU.ActiveCfg = Release|Any CPU
		{3D3FC963-C3CA-4390-8D61-59F58A79A211}.Release|Any CPU.Build.0 = Release|Any CPU
	EndGlobalSection
	GlobalSection(SolutionProperties) = preSolution
		HideSolutionNode = FALSE
	EndGlobalSection
	GlobalSection(ExtensibilityGlobals) = postSolution
		SolutionGuid = {FA375C8C-BC95-45A4-9671-237D1B25AEA4}
	EndGlobalSection
EndGlobal
